
Microsoft Visual Studio Solution File, Format Version 12.00
# Visual Studio Version 16
VisualStudioVersion = 16.0.30717.126
MinimumVisualStudioVersion = 10.0.40219.1
Project("{FAE04EC0-301F-11D3-BF4B-00C04F79EFBC}") = "ReactionService", "ReactionService\ReactionService.csproj", "{3001A94A-B34D-4666-9DB8-2B874BA197ED}"
EndProject
Global
	GlobalSection(SolutionConfigurationPlatforms) = preSolution
		Debug|Any CPU = Debug|Any CPU
		Release|Any CPU = Release|Any CPU
	EndGlobalSection
	GlobalSection(ProjectConfigurationPlatforms) = postSolution
		{3001A94A-B34D-4666-9DB8-2B874BA197ED}.Debug|Any CPU.ActiveCfg = Debug|Any CPU
		{3001A94A-B34D-4666-9DB8-2B874BA197ED}.Debug|Any CPU.Build.0 = Debug|Any CPU
		{3001A94A-B34D-4666-9DB8-2B874BA197ED}.Release|Any CPU.ActiveCfg = Release|Any CPU
		{3001A94A-B34D-4666-9DB8-2B874BA197ED}.Release|Any CPU.Build.0 = Release|Any CPU
	EndGlobalSection
	GlobalSection(SolutionProperties) = preSolution
		HideSolutionNode = FALSE
	EndGlobalSection
	GlobalSection(ExtensibilityGlobals) = postSolution
		SolutionGuid = {FB88B2E9-1B1D-4FF6-9A0A-F147697B63DB}
	EndGlobalSection
EndGlobal
